
Microsoft Visual Studio Solution File, Format Version 12.00
# Visual Studio Version 17
VisualStudioVersion = 17.8.34322.80
MinimumVisualStudioVersion = 10.0.40219.1
Project("{FAE04EC0-301F-11D3-BF4B-00C04F79EFBC}") = "eTicketApplication", "eTickestApplication\eTicketApplication.csproj", "{B9C12449-93AB-4F0A-BF21-42363F1FF14F}"
EndProject
Global
	GlobalSection(SolutionConfigurationPlatforms) = preSolution
		Debug|Any CPU = Debug|Any CPU
		Release|Any CPU = Release|Any CPU
	EndGlobalSection
	GlobalSection(ProjectConfigurationPlatforms) = postSolution
		{B9C12449-93AB-4F0A-BF21-42363F1FF14F}.Debug|Any CPU.ActiveCfg = Debug|Any CPU
		{B9C12449-93AB-4F0A-BF21-42363F1FF14F}.Debug|Any CPU.Build.0 = Debug|Any CPU
		{B9C12449-93AB-4F0A-BF21-42363F1FF14F}.Release|Any CPU.ActiveCfg = Release|Any CPU
		{B9C12449-93AB-4F0A-BF21-42363F1FF14F}.Release|Any CPU.Build.0 = Release|Any CPU
	EndGlobalSection
	GlobalSection(SolutionProperties) = preSolution
		HideSolutionNode = FALSE
	EndGlobalSection
	GlobalSection(ExtensibilityGlobals) = postSolution
		SolutionGuid = {324FD064-8FEF-4134-A099-3EBC1E0B3F93}
	EndGlobalSection
EndGlobal
